
Microsoft Visual Studio Solution File, Format Version 12.00
# Visual Studio Version 17
VisualStudioVersion = 17.5.33502.453
MinimumVisualStudioVersion = 10.0.40219.1
Project("{9A19103F-16F7-4668-BE54-9A1E7A4F7556}") = "NT114-t2-be", "NT114-t2-be\NT114-t2-be.csproj", "{AF9901BA-195E-4550-9111-6469D7ADC20B}"
EndProject
Global
	GlobalSection(SolutionConfigurationPlatforms) = preSolution
		Debug|Any CPU = Debug|Any CPU
		Release|Any CPU = Release|Any CPU
	EndGlobalSection
	GlobalSection(ProjectConfigurationPlatforms) = postSolution
		{AF9901BA-195E-4550-9111-6469D7ADC20B}.Debug|Any CPU.ActiveCfg = Debug|Any CPU
		{AF9901BA-195E-4550-9111-6469D7ADC20B}.Debug|Any CPU.Build.0 = Debug|Any CPU
		{AF9901BA-195E-4550-9111-6469D7ADC20B}.Release|Any CPU.ActiveCfg = Release|Any CPU
		{AF9901BA-195E-4550-9111-6469D7ADC20B}.Release|Any CPU.Build.0 = Release|Any CPU
	EndGlobalSection
	GlobalSection(SolutionProperties) = preSolution
		HideSolutionNode = FALSE
	EndGlobalSection
	GlobalSection(ExtensibilityGlobals) = postSolution
		SolutionGuid = {A3D872BA-F30F-46CB-9B57-2F1E6F727CB6}
	EndGlobalSection
EndGlobal
